// !$*UTF8*$!
{
	archiveVersion = 1;
	classes = {
	};
	objectVersion = 46;
	objects = {

/* Begin PBXBuildFile section */
		4818DAD8636F7193D131941C /* Pods_TestTablePop.framework in Frameworks */ = {isa = PBXBuildFile; fileRef = BBA6284C31003A135277F5C7 /* Pods_TestTablePop.framework */; };
		9D92B39F1D01BDA40013EA83 /* AppDelegate.swift in Sources */ = {isa = PBXBuildFile; fileRef = 9D92B39E1D01BDA40013EA83 /* AppDelegate.swift */; };
		9D92B3A11D01BDA40013EA83 /* ViewController.swift in Sources */ = {isa = PBXBuildFile; fileRef = 9D92B3A01D01BDA40013EA83 /* ViewController.swift */; };
		9D92B3A41D01BDA40013EA83 /* Main.storyboard in Resources */ = {isa = PBXBuildFile; fileRef = 9D92B3A21D01BDA40013EA83 /* Main.storyboard */; };
		9D92B3A61D01BDA40013EA83 /* Assets.xcassets in Resources */ = {isa = PBXBuildFile; fileRef = 9D92B3A51D01BDA40013EA83 /* Assets.xcassets */; };
		9D92B3A91D01BDA40013EA83 /* LaunchScreen.storyboard in Resources */ = {isa = PBXBuildFile; fileRef = 9D92B3A71D01BDA40013EA83 /* LaunchScreen.storyboard */; };
		9D92B3B11D01BDF60013EA83 /* PickerView.swift in Sources */ = {isa = PBXBuildFile; fileRef = 9D92B3B01D01BDF60013EA83 /* PickerView.swift */; };
/* End PBXBuildFile section */

/* Begin PBXFileReference section */
		305A92B8A417FEF3010AD180 /* Pods-TestTablePop.debug.xcconfig */ = {isa = PBXFileReference; includeInIndex = 1; lastKnownFileType = text.xcconfig; name = "Pods-TestTablePop.debug.xcconfig"; path = "Pods/Target Support Files/Pods-TestTablePop/Pods-TestTablePop.debug.xcconfig"; sourceTree = "<group>"; };
		7B79027E7F20692E557C63DA /* Pods-TestTablePop.release.xcconfig */ = {isa = PBXFileReference; includeInIndex = 1; lastKnownFileType = text.xcconfig; name = "Pods-TestTablePop.release.xcconfig"; path = "Pods/Target Support Files/Pods-TestTablePop/Pods-TestTablePop.release.xcconfig"; sourceTree = "<group>"; };
		9D92B39B1D01BDA40013EA83 /* TestTablePop.app */ = {isa = PBXFileReference; explicitFileType = wrapper.application; includeInIndex = 0; path = TestTablePop.app; sourceTree = BUILT_PRODUCTS_DIR; };
		9D92B39E1D01BDA40013EA83 /* AppDelegate.swift */ = {isa = PBXFileReference; lastKnownFileType = sourcecode.swift; path = AppDelegate.swift; sourceTree = "<group>"; };
		9D92B3A01D01BDA40013EA83 /* ViewController.swift */ = {isa = PBXFileReference; lastKnownFileType = sourcecode.swift; path = ViewController.swift; sourceTree = "<group>"; };
		9D92B3A31D01BDA40013EA83 /* Base */ = {isa = PBXFileReference; lastKnownFileType = file.storyboard; name = Base; path = Base.lproj/Main.storyboard; sourceTree = "<group>"; };
		9D92B3A51D01BDA40013EA83 /* Assets.xcassets */ = {isa = PBXFileReference; lastKnownFileType = folder.assetcatalog; path = Assets.xcassets; sourceTree = "<group>"; };
		9D92B3A81D01BDA40013EA83 /* Base */ = {isa = PBXFileReference; lastKnownFileType = file.storyboard; name = Base; path = Base.lproj/LaunchScreen.storyboard; sourceTree = "<group>"; };
		9D92B3AA1D01BDA40013EA83 /* Info.plist */ = {isa = PBXFileReference; lastKnownFileType = text.plist.xml; path = Info.plist; sourceTree = "<group>"; };
		9D92B3B01D01BDF60013EA83 /* PickerView.swift */ = {isa = PBXFileReference; fileEncoding = 4; lastKnownFileType = sourcecode.swift; path = PickerView.swift; sourceTree = "<group>"; };
		BBA6284C31003A135277F5C7 /* Pods_TestTablePop.framework */ = {isa = PBXFileReference; explicitFileType = wrapper.framework; includeInIndex = 0; path = Pods_TestTablePop.framework; sourceTree = BUILT_PRODUCTS_DIR; };
/* End PBXFileReference section */

/* Begin PBXFrameworksBuildPhase section */
		9D92B3981D01BDA40013EA83 /* Frameworks */ = {
			isa = PBXFrameworksBuildPhase;
			buildActionMask = 2147483647;
			files = (
				4818DAD8636F7193D131941C /* Pods_TestTablePop.framework in Frameworks */,
			);
			runOnlyForDeploymentPostprocessing = 0;
		};
/* End PBXFrameworksBuildPhase section */

/* Begin PBXGroup section */
		00C1C41B9D0344118B482BF9 /* Pods */ = {
			isa = PBXGroup;
			children = (
				305A92B8A417FEF3010AD180 /* Pods-TestTablePop.debug.xcconfig */,
				7B79027E7F20692E557C63DA /* Pods-TestTablePop.release.xcconfig */,
			);
			name = Pods;
			sourceTree = "<group>";
		};
		6EAB041274309DCDB08F2797 /* Frameworks */ = {
			isa = PBXGroup;
			children = (
				BBA6284C31003A135277F5C7 /* Pods_TestTablePop.framework */,
			);
			name = Frameworks;
			sourceTree = "<group>";
		};
		9D92B3921D01BDA30013EA83 = {
			isa = PBXGroup;
			children = (
				9D92B39D1D01BDA40013EA83 /* TestTablePop */,
				9D92B39C1D01BDA40013EA83 /* Products */,
				00C1C41B9D0344118B482BF9 /* Pods */,
				6EAB041274309DCDB08F2797 /* Frameworks */,
			);
			sourceTree = "<group>";
		};
		9D92B39C1D01BDA40013EA83 /* Products */ = {
			isa = PBXGroup;
			children = (
				9D92B39B1D01BDA40013EA83 /* TestTablePop.app */,
			);
			name = Products;
			sourceTree = "<group>";
		};
		9D92B39D1D01BDA40013EA83 /* TestTablePop */ = {
			isa = PBXGroup;
			children = (
				9D92B3B01D01BDF60013EA83 /* PickerView.swift */,
				9D92B39E1D01BDA40013EA83 /* AppDelegate.swift */,
				9D92B3A01D01BDA40013EA83 /* ViewController.swift */,
				9D92B3A21D01BDA40013EA83 /* Main.storyboard */,
				9D92B3A51D01BDA40013EA83 /* Assets.xcassets */,
				9D92B3A71D01BDA40013EA83 /* LaunchScreen.storyboard */,
				9D92B3AA1D01BDA40013EA83 /* Info.plist */,
			);
			path = TestTablePop;
			sourceTree = "<group>";
		};
/* End PBXGroup section */

/* Begin PBXNativeTarget section */
		9D92B39A1D01BDA40013EA83 /* TestTablePop */ = {
			isa = PBXNativeTarget;
			buildConfigurationList = 9D92B3AD1D01BDA40013EA83 /* Build configuration list for PBXNativeTarget "TestTablePop" */;
			buildPhases = (
				1A921EC4ECBBC38B603DC3A3 /* 📦 Check Pods Manifest.lock */,
				9D92B3971D01BDA40013EA83 /* Sources */,
				9D92B3981D01BDA40013EA83 /* Frameworks */,
				9D92B3991D01BDA40013EA83 /* Resources */,
				7D9A0D3760EB162ACE6082BC /* 📦 Embed Pods Frameworks */,
				677AE919B2C648FFDB3C833A /* 📦 Copy Pods Resources */,
			);
			buildRules = (
			);
			dependencies = (
			);
			name = TestTablePop;
			productName = TestTablePop;
			productReference = 9D92B39B1D01BDA40013EA83 /* TestTablePop.app */;
			productType = "com.apple.product-type.application";
		};
/* End PBXNativeTarget section */

/* Begin PBXProject section */
		9D92B3931D01BDA30013EA83 /* Project object */ = {
			isa = PBXProject;
			attributes = {
				LastSwiftUpdateCheck = 0730;
				LastUpgradeCheck = 0730;
				ORGANIZATIONNAME = KickBackApps;
				TargetAttributes = {
					9D92B39A1D01BDA40013EA83 = {
						CreatedOnToolsVersion = 7.3.1;
					};
				};
			};
			buildConfigurationList = 9D92B3961D01BDA30013EA83 /* Build configuration list for PBXProject "TestTablePop" */;
			compatibilityVersion = "Xcode 3.2";
			developmentRegion = English;
			hasScannedForEncodings = 0;
			knownRegions = (
				en,
				Base,
			);
			mainGroup = 9D92B3921D01BDA30013EA83;
			productRefGroup = 9D92B39C1D01BDA40013EA83 /* Products */;
			projectDirPath = "";
			projectRoot = "";
			targets = (
				9D92B39A1D01BDA40013EA83 /* TestTablePop */,
			);
		};
/* End PBXProject section */

/* Begin PBXResourcesBuildPhase section */
		9D92B3991D01BDA40013EA83 /* Resources */ = {
			isa = PBXResourcesBuildPhase;
			buildActionMask = 2147483647;
			files = (
				9D92B3A91D01BDA40013EA83 /* LaunchScreen.storyboard in Resources */,
				9D92B3A61D01BDA40013EA83 /* Assets.xcassets in Resources */,
				9D92B3A41D01BDA40013EA83 /* Main.storyboard in Resources */,
			);
			runOnlyForDeploymentPostprocessing = 0;
		};
/* End PBXResourcesBuildPhase section */

/* Begin PBXShellScriptBuildPhase section */
		1A921EC4ECBBC38B603DC3A3 /* 📦 Check Pods Manifest.lock */ = {
			isa = PBXShellScriptBuildPhase;
			buildActionMask = 2147483647;
			files = (
			);
			inputPaths = (
			);
			name = "📦 Check Pods Manifest.lock";
			outputPaths = (
			);
			runOnlyForDeploymentPostprocessing = 0;
			shellPath = /bin/sh;
			shellScript = "diff \"${PODS_ROOT}/../Podfile.lock\" \"${PODS_ROOT}/Manifest.lock\" > /dev/null\nif [[ $? != 0 ]] ; then\n    cat << EOM\nerror: The sandbox is not in sync with the Podfile.lock. Run 'pod install' or update your CocoaPods installation.\nEOM\n    exit 1\nfi\n";
			showEnvVarsInLog = 0;
		};
		677AE919B2C648FFDB3C833A /* 📦 Copy Pods Resources */ = {
			isa = PBXShellScriptBuildPhase;
			buildActionMask = 2147483647;
			files = (
			);
			inputPaths = (
			);
			name = "📦 Copy Pods Resources";
			outputPaths = (
			);
			runOnlyForDeploymentPostprocessing = 0;
			shellPath = /bin/sh;
			shellScript = "\"${SRCROOT}/Pods/Target Support Files/Pods-TestTablePop/Pods-TestTablePop-resources.sh\"\n";
			showEnvVarsInLog = 0;
		};
		7D9A0D3760EB162ACE6082BC /* 📦 Embed Pods Frameworks */ = {
			isa = PBXShellScriptBuildPhase;
			buildActionMask = 2147483647;
			files = (
			);
			inputPaths = (
			);
			name = "📦 Embed Pods Frameworks";
			outputPaths = (
			);
			runOnlyForDeploymentPostprocessing = 0;
			shellPath = /bin/sh;
			shellScript = "\"${SRCROOT}/Pods/Target Support Files/Pods-TestTablePop/Pods-TestTablePop-frameworks.sh\"\n";
			showEnvVarsInLog = 0;
		};
/* End PBXShellScriptBuildPhase section */

/* Begin PBXSourcesBuildPhase section */
		9D92B3971D01BDA40013EA83 /* Sources */ = {
			isa = PBXSourcesBuildPhase;
			buildActionMask = 2147483647;
			files = (
				9D92B3A11D01BDA40013EA83 /* ViewController.swift in Sources */,
				9D92B39F1D01BDA40013EA83 /* AppDelegate.swift in Sources */,
				9D92B3B11D01BDF60013EA83 /* PickerView.swift in Sources */,
			);
			runOnlyForDeploymentPostprocessing = 0;
		};
/* End PBXSourcesBuildPhase section */

/* Begin PBXVariantGroup section */
		9D92B3A21D01BDA40013EA83 /* Main.storyboard */ = {
			isa = PBXVariantGroup;
			children = (
				9D92B3A31D01BDA40013EA83 /* Base */,
			);
			name = Main.storyboard;
			sourceTree = "<group>";
		};
		9D92B3A71D01BDA40013EA83 /* LaunchScreen.storyboard */ = {
			isa = PBXVariantGroup;
			children = (
				9D92B3A81D01BDA40013EA83 /* Base */,
			);
			name = LaunchScreen.storyboard;
			sourceTree = "<group>";
		};
/* End PBXVariantGroup section */

/* Begin XCBuildConfiguration section */
		9D92B3AB1D01BDA40013EA83 /* Debug */ = {
			isa = XCBuildConfiguration;
			buildSettings = {
				ALWAYS_SEARCH_USER_PATHS = NO;
				CLANG_ANALYZER_NONNULL = YES;
				CLANG_CXX_LANGUAGE_STANDARD = "gnu++0x";
				CLANG_CXX_LIBRARY = "libc++";
				CLANG_ENABLE_MODULES = YES;
				CLANG_ENABLE_OBJC_ARC = YES;
				CLANG_WARN_BOOL_CONVERSION = YES;
				CLANG_WARN_CONSTANT_CONVERSION = YES;
				CLANG_WARN_DIRECT_OBJC_ISA_USAGE = YES_ERROR;
				CLANG_WARN_EMPTY_BODY = YES;
				CLANG_WARN_ENUM_CONVERSION = YES;
				CLANG_WARN_INT_CONVERSION = YES;
				CLANG_WARN_OBJC_ROOT_CLASS = YES_ERROR;
				CLANG_WARN_UNREACHABLE_CODE = YES;
				CLANG_WARN__DUPLICATE_METHOD_MATCH = YES;
				"CODE_SIGN_IDENTITY[sdk=iphoneos*]" = "iPhone Developer";
				COPY_PHASE_STRIP = NO;
				DEBUG_INFORMATION_FORMAT = dwarf;
				ENABLE_STRICT_OBJC_MSGSEND = YES;
				ENABLE_TESTABILITY = YES;
				GCC_C_LANGUAGE_STANDARD = gnu99;
				GCC_DYNAMIC_NO_PIC = NO;
				GCC_NO_COMMON_BLOCKS = YES;
				GCC_OPTIMIZATION_LEVEL = 0;
				GCC_PREPROCESSOR_DEFINITIONS = (
					"DEBUG=1",
					"$(inherited)",
				);
				GCC_WARN_64_TO_32_BIT_CONVERSION = YES;
				GCC_WARN_ABOUT_RETURN_TYPE = YES_ERROR;
				GCC_WARN_UNDECLARED_SELECTOR = YES;
				GCC_WARN_UNINITIALIZED_AUTOS = YES_AGGRESSIVE;
				GCC_WARN_UNUSED_FUNCTION = YES;
				GCC_WARN_UNUSED_VARIABLE = YES;
				IPHONEOS_DEPLOYMENT_TARGET = 9.3;
				MTL_ENABLE_DEBUG_INFO = YES;
				ONLY_ACTIVE_ARCH = YES;
				SDKROOT = iphoneos;
				SWIFT_OPTIMIZATION_LEVEL = "-Onone";
			};
			name = Debug;
		};
		9D92B3AC1D01BDA40013EA83 /* Release */ = {
			isa = XCBuildConfiguration;
			buildSettings = {
				ALWAYS_SEARCH_USER_PATHS = NO;
				CLANG_ANALYZER_NONNULL = YES;
				CLANG_CXX_LANGUAGE_STANDARD = "gnu++0x";
				CLANG_CXX_LIBRARY = "libc++";
				CLANG_ENABLE_MODULES = YES;
				CLANG_ENABLE_OBJC_ARC = YES;
				CLANG_WARN_BOOL_CONVERSION = YES;
				CLANG_WARN_CONSTANT_CONVERSION = YES;
				CLANG_WARN_DIRECT_OBJC_ISA_USAGE = YES_ERROR;
				CLANG_WARN_EMPTY_BODY = YES;
				CLANG_WARN_ENUM_CONVERSION = YES;
				CLANG_WARN_INT_CONVERSION = YES;
				CLANG_WARN_OBJC_ROOT_CLASS = YES_ERROR;
				CLANG_WARN_UNREACHABLE_CODE = YES;
				CLANG_WARN__DUPLICATE_METHOD_MATCH = YES;
				"CODE_SIGN_IDENTITY[sdk=iphoneos*]" = "iPhone Developer";
				COPY_PHASE_STRIP = NO;
				DEBUG_INFORMATION_FORMAT = "dwarf-with-dsym";
				ENABLE_NS_ASSERTIONS = NO;
				ENABLE_STRICT_OBJC_MSGSEND = YES;
				GCC_C_LANGUAGE_STANDARD = gnu99;
				GCC_NO_COMMON_BLOCKS = YES;
				GCC_WARN_64_TO_32_BIT_CONVERSION = YES;
				GCC_WARN_ABOUT_RETURN_TYPE = YES_ERROR;
				GCC_WARN_UNDECLARED_SELECTOR = YES;
				GCC_WARN_UNINITIALIZED_AUTOS = YES_AGGRESSIVE;
				GCC_WARN_UNUSED_FUNCTION = YES;
				GCC_WARN_UNUSED_VARIABLE = YES;
				IPHONEOS_DEPLOYMENT_TARGET = 9.3;
				MTL_ENABLE_DEBUG_INFO = NO;
				SDKROOT = iphoneos;
				VALIDATE_PRODUCT = YES;
			};
			name = Release;
		};
		9D92B3AE1D01BDA40013EA83 /* Debug */ = {
			isa = XCBuildConfiguration;
			baseConfigurationReference = 305A92B8A417FEF3010AD180 /* Pods-TestTablePop.debug.xcconfig */;
			buildSettings = {
				ASSETCATALOG_COMPILER_APPICON_NAME = AppIcon;
				INFOPLIST_FILE = TestTablePop/Info.plist;
				LD_RUNPATH_SEARCH_PATHS = "$(inherited) @executable_path/Frameworks";
				PRODUCT_BUNDLE_IDENTIFIER = com.kickbackapps.TestTablePop;
				PRODUCT_NAME = "$(TARGET_NAME)";
			};
			name = Debug;
		};
		9D92B3AF1D01BDA40013EA83 /* Release */ = {
			isa = XCBuildConfiguration;
			baseConfigurationReference = 7B79027E7F20692E557C63DA /* Pods-TestTablePop.release.xcconfig */;
			buildSettings = {
				ASSETCATALOG_COMPILER_APPICON_NAME = AppIcon;
				INFOPLIST_FILE = TestTablePop/Info.plist;
				LD_RUNPATH_SEARCH_PATHS = "$(inherited) @executable_path/Frameworks";
				PRODUCT_BUNDLE_IDENTIFIER = com.kickbackapps.TestTablePop;
				PRODUCT_NAME = "$(TARGET_NAME)";
			};
			name = Release;
		};
/* End XCBuildConfiguration section */

/* Begin XCConfigurationList section */
		9D92B3961D01BDA30013EA83 /* Build configuration list for PBXProject "TestTablePop" */ = {
			isa = XCConfigurationList;
			buildConfigurations = (
				9D92B3AB1D01BDA40013EA83 /* Debug */,
				9D92B3AC1D01BDA40013EA83 /* Release */,
			);
			defaultConfigurationIsVisible = 0;
			defaultConfigurationName = Release;
		};
		9D92B3AD1D01BDA40013EA83 /* Build configuration list for PBXNativeTarget "TestTablePop" */ = {
			isa = XCConfigurationList;
			buildConfigurations = (
				9D92B3AE1D01BDA40013EA83 /* Debug */,
				9D92B3AF1D01BDA40013EA83 /* Release */,
			);
			defaultConfigurationIsVisible = 0;
			defaultConfigurationName = Release;
		};
/* End XCConfigurationList section */
	};
	rootObject = 9D92B3931D01BDA30013EA83 /* Project object */;
}
